Microsoft Visual Studio Solution File, Format Version 11.00
# Visual Studio 2017

Project("{8BC9CEB8-8B4A-11D0-8D11-00A0C91BC942}") = "Assess1 - Standalone Plugin", "Assess1_StandalonePlugin.vcxproj", "{C3146953-8270-F080-D4AD-36A525FAEB0F}"
	ProjectSection(ProjectDependencies) = postProject
		{5BC60E5B-C5D5-59B5-E2BC-864BECF0812F} = {5BC60E5B-C5D5-59B5-E2BC-864BECF0812F}
	EndProjectSection
EndProject
Project("{8BC9CEB8-8B4A-11D0-8D11-00A0C91BC942}") = "Assess1 - Shared Code", "Assess1_SharedCode.vcxproj", "{5BC60E5B-C5D5-59B5-E2BC-864BECF0812F}"
EndProject
Global
	GlobalSection(SolutionConfigurationPlatforms) = preSolution
		Debug|x64 = Debug|x64
		Release|x64 = Release|x64
	EndGlobalSection
	GlobalSection(ProjectConfigurationPlatforms) = postSolution
		{C3146953-8270-F080-D4AD-36A525FAEB0F}.Debug|x64.ActiveCfg = Debug|x64
		{C3146953-8270-F080-D4AD-36A525FAEB0F}.Debug|x64.Build.0 = Debug|x64
		{C3146953-8270-F080-D4AD-36A525FAEB0F}.Release|x64.ActiveCfg = Release|x64
		{C3146953-8270-F080-D4AD-36A525FAEB0F}.Release|x64.Build.0 = Release|x64
		{5BC60E5B-C5D5-59B5-E2BC-864BECF0812F}.Debug|x64.ActiveCfg = Debug|x64
		{5BC60E5B-C5D5-59B5-E2BC-864BECF0812F}.Debug|x64.Build.0 = Debug|x64
		{5BC60E5B-C5D5-59B5-E2BC-864BECF0812F}.Release|x64.ActiveCfg = Release|x64
		{5BC60E5B-C5D5-59B5-E2BC-864BECF0812F}.Release|x64.Build.0 = Release|x64
	EndGlobalSection
	GlobalSection(SolutionProperties) = preSolution
		HideSolutionNode = FALSE
	EndGlobalSection
EndGlobal
